
Microsoft Visual Studio Solution File, Format Version 12.00
# Visual Studio 15
VisualStudioVersion = 15.0.26124.0
MinimumVisualStudioVersion = 15.0.26124.0
Project("{2150E333-8FDC-42A3-9474-1A3956D46DE8}") = "Source", "Source", "{780A06A2-8A9B-49DA-AA18-472C4F712673}"
EndProject
Project("{FAE04EC0-301F-11D3-BF4B-00C04F79EFBC}") = "Specifications", "Source\Specifications\Specifications.csproj", "{AAA185BC-0EA0-4804-9D7B-0E9B1D411070}"
EndProject
Project("{2150E333-8FDC-42A3-9474-1A3956D46DE8}") = "Specifications", "Specifications", "{9F86DDBC-3B12-43A9-95F6-C6AD7B6553E2}"
EndProject
Project("{FAE04EC0-301F-11D3-BF4B-00C04F79EFBC}") = "Specifications", "Specifications\Specifications\Specifications.csproj", "{639015CD-44C7-4180-92C8-D9B74026B89D}"
EndProject
Project("{FAE04EC0-301F-11D3-BF4B-00C04F79EFBC}") = "Assemblies", "Source\Assemblies\Assemblies.csproj", "{76EE2EEC-F9CC-4C08-8AAE-5753714B4BF6}"
EndProject
Project("{FAE04EC0-301F-11D3-BF4B-00C04F79EFBC}") = "Assemblies", "Specifications\Assemblies\Assemblies.csproj", "{5E0FF8F2-E4D2-415E-AB65-C302BD3584D1}"
EndProject
Project("{FAE04EC0-301F-11D3-BF4B-00C04F79EFBC}") = "Types", "Source\Types\Types.csproj", "{A9D17DEE-9710-4B0A-B0DF-08E43D77EF08}"
EndProject
Project("{FAE04EC0-301F-11D3-BF4B-00C04F79EFBC}") = "Types", "Specifications\Types\Types.csproj", "{EF468541-B450-4DC9-9603-8D0A82B5036C}"
EndProject
Project("{FAE04EC0-301F-11D3-BF4B-00C04F79EFBC}") = "DependencyInversion", "Source\DependencyInversion\DependencyInversion.csproj", "{240CEFED-4B30-4B17-8B75-5A89021B68DA}"
EndProject
Project("{FAE04EC0-301F-11D3-BF4B-00C04F79EFBC}") = "DependencyInversion.Conventions", "Source\DependencyInversion.Conventions\DependencyInversion.Conventions.csproj", "{F497FA4D-42F9-4616-8A23-4616E0917C59}"
EndProject
Project("{FAE04EC0-301F-11D3-BF4B-00C04F79EFBC}") = "DependencyInversion.Conventions", "Specifications\DependencyInversion.Conventions\DependencyInversion.Conventions.csproj", "{FD89A9BC-3D6F-4D80-A9BD-A4AE722B1490}"
EndProject
Project("{FAE04EC0-301F-11D3-BF4B-00C04F79EFBC}") = "Collections", "Source\Collections\Collections.csproj", "{25DB4EBB-D353-4FED-B740-74DA7E4B256A}"
EndProject
Project("{FAE04EC0-301F-11D3-BF4B-00C04F79EFBC}") = "Collections", "Specifications\Collections\Collections.csproj", "{0823EE9D-C999-4934-B43C-0E99F3D01B81}"
EndProject
Project("{FAE04EC0-301F-11D3-BF4B-00C04F79EFBC}") = "Logging", "Source\Logging\Logging.csproj", "{6643544F-460A-48D6-B6B1-CC0949B05AD2}"
EndProject
Project("{FAE04EC0-301F-11D3-BF4B-00C04F79EFBC}") = "Logging", "Specifications\Logging\Logging.csproj", "{B2BE4B11-04C7-4338-B461-3086447E90DA}"
EndProject
Project("{FAE04EC0-301F-11D3-BF4B-00C04F79EFBC}") = "Mapping", "Source\Mapping\Mapping.csproj", "{1C0D8CE8-39AF-4DA5-9BF8-F35B401F653B}"
EndProject
Project("{FAE04EC0-301F-11D3-BF4B-00C04F79EFBC}") = "Reflection", "Source\Reflection\Reflection.csproj", "{2040D7FB-EA5D-4749-870A-1CB5E383764D}"
EndProject
Project("{FAE04EC0-301F-11D3-BF4B-00C04F79EFBC}") = "Dynamic", "Source\Dynamic\Dynamic.csproj", "{0AB33C0C-DA8E-45B4-A891-50D5F489B86A}"
EndProject
Project("{FAE04EC0-301F-11D3-BF4B-00C04F79EFBC}") = "Globalization", "Source\Globalization\Globalization.csproj", "{F470F404-9CA3-4BF1-81BE-1621A9B55921}"
EndProject
Project("{FAE04EC0-301F-11D3-BF4B-00C04F79EFBC}") = "Reflection", "Specifications\Reflection\Reflection.csproj", "{D7E3B517-BF79-4EC2-8C57-F71E6F8CA97F}"
EndProject
Project("{FAE04EC0-301F-11D3-BF4B-00C04F79EFBC}") = "Globalization", "Specifications\Globalization\Globalization.csproj", "{CEBB423D-3CDC-4E51-97D3-F87F6A71BABA}"
EndProject
Project("{FAE04EC0-301F-11D3-BF4B-00C04F79EFBC}") = "Execution", "Specifications\Execution\Execution.csproj", "{60873EF4-959A-41AB-A99F-CC43A7E7F50B}"
EndProject
Project("{FAE04EC0-301F-11D3-BF4B-00C04F79EFBC}") = "Serialization.Json", "Source\Serialization.Json\Serialization.Json.csproj", "{5B97FA87-9173-41D6-894C-A395FFCF6123}"
EndProject
Project("{FAE04EC0-301F-11D3-BF4B-00C04F79EFBC}") = "Serialization.Json", "Specifications\Serialization.Json\Serialization.Json.csproj", "{E7BA0F43-6524-4BA5-8700-7A1C667EF48E}"
EndProject
Project("{FAE04EC0-301F-11D3-BF4B-00C04F79EFBC}") = "Concepts.Serialization.Json", "Source\Concepts.Serialization.Json\Concepts.Serialization.Json.csproj", "{6A3B36C3-68A0-4576-84DF-1A7D3F2650F0}"
EndProject
Project("{FAE04EC0-301F-11D3-BF4B-00C04F79EFBC}") = "Concepts.Serialization.Json", "Specifications\Concepts.Serialization.Json\Concepts.Serialization.Json.csproj", "{ED34B742-4F49-42E6-8421-20D989DB9622}"
EndProject
Project("{FAE04EC0-301F-11D3-BF4B-00C04F79EFBC}") = "Configuration", "Source\Configuration\Configuration.csproj", "{AC3C865B-F73C-42C1-8457-67BEA7BDD39D}"
EndProject
Project("{FAE04EC0-301F-11D3-BF4B-00C04F79EFBC}") = "Concepts", "Specifications\Concepts\Concepts.csproj", "{5BEB6828-4F8F-4A74-9DDF-9A03252AEE4E}"
EndProject
Project("{FAE04EC0-301F-11D3-BF4B-00C04F79EFBC}") = "Dynamic", "Specifications\Dynamic\Dynamic.csproj", "{F9DE7DCA-20BC-4C33-9DBC-1135787C10E7}"
EndProject
Project("{FAE04EC0-301F-11D3-BF4B-00C04F79EFBC}") = "Mapping", "Specifications\Mapping\Mapping.csproj", "{E4882982-B32E-4793-85C7-2EED166061B1}"
EndProject
Project("{FAE04EC0-301F-11D3-BF4B-00C04F79EFBC}") = "Strings", "Specifications\Strings\Strings.csproj", "{CA579123-C35B-43B4-A295-B9C7CC6DEB02}"
EndProject
Project("{FAE04EC0-301F-11D3-BF4B-00C04F79EFBC}") = "Types.Utils", "Specifications\Types.Utils\Types.Utils.csproj", "{4E2BA2B7-D6AD-4B97-BE5E-3BCAB2FDCE9F}"
EndProject
Project("{FAE04EC0-301F-11D3-BF4B-00C04F79EFBC}") = "Concepts", "Source\Concepts\Concepts.csproj", "{C93ABB1B-361A-4C14-B3EE-09DAD64C02E4}"
EndProject
Project("{FAE04EC0-301F-11D3-BF4B-00C04F79EFBC}") = "Execution", "Source\Execution\Execution.csproj", "{1F7B2BDC-95CB-4A1D-8BDA-2FF84E51E88A}"
EndProject
Project("{FAE04EC0-301F-11D3-BF4B-00C04F79EFBC}") = "IO", "Source\IO\IO.csproj", "{33E1001F-2975-4545-BAAC-94CF1419A5E6}"
EndProject
Project("{FAE04EC0-301F-11D3-BF4B-00C04F79EFBC}") = "Security", "Source\Security\Security.csproj", "{21EC9A26-D3B0-4E43-A484-19197FAF1D59}"
EndProject
Project("{FAE04EC0-301F-11D3-BF4B-00C04F79EFBC}") = "Strings", "Source\Strings\Strings.csproj", "{AB4B59A5-B3D8-430B-8D5E-807FE0D91A3C}"
EndProject
Project("{FAE04EC0-301F-11D3-BF4B-00C04F79EFBC}") = "Time", "Source\Time\Time.csproj", "{DB44CFB4-4279-4EC6-9E8D-05D0CFDF9E65}"
EndProject
Project("{FAE04EC0-301F-11D3-BF4B-00C04F79EFBC}") = "Types.Utils", "Source\Types.Utils\Types.Utils.csproj", "{38BF48BA-2A66-4BEB-8A77-1F5533394D59}"
EndProject
Project("{FAE04EC0-301F-11D3-BF4B-00C04F79EFBC}") = "Rules", "Source\Rules\Rules.csproj", "{2DA68814-1B3E-4DF7-8645-4DA5889C15D2}"
EndProject
Project("{FAE04EC0-301F-11D3-BF4B-00C04F79EFBC}") = "Resources", "Source\Resources\Resources.csproj", "{6FACBDA5-1C3D-43AE-BEAE-FD39EDC6A4FD}"
EndProject
Project("{FAE04EC0-301F-11D3-BF4B-00C04F79EFBC}") = "Resources", "Specifications\Resources\Resources.csproj", "{77270B8D-52DF-4A95-BE22-B2CE234E2657}"
EndProject
Project("{FAE04EC0-301F-11D3-BF4B-00C04F79EFBC}") = "Resources.Configuration", "Specifications\Resources.Configuration\Resources.Configuration.csproj", "{4B274E7E-628C-4EC3-9B93-F77227759720}"
EndProject
Global
	GlobalSection(SolutionConfigurationPlatforms) = preSolution
		Debug|Any CPU = Debug|Any CPU
		Debug|x64 = Debug|x64
		Debug|x86 = Debug|x86
		Release|Any CPU = Release|Any CPU
		Release|x64 = Release|x64
		Release|x86 = Release|x86
	EndGlobalSection
	GlobalSection(SolutionProperties) = preSolution
		HideSolutionNode = FALSE
	EndGlobalSection
	GlobalSection(ProjectConfigurationPlatforms) = postSolution
		{AAA185BC-0EA0-4804-9D7B-0E9B1D411070}.Debug|Any CPU.ActiveCfg = Debug|Any CPU
		{AAA185BC-0EA0-4804-9D7B-0E9B1D411070}.Debug|Any CPU.Build.0 = Debug|Any CPU
		{AAA185BC-0EA0-4804-9D7B-0E9B1D411070}.Debug|x64.ActiveCfg = Debug|x64
		{AAA185BC-0EA0-4804-9D7B-0E9B1D411070}.Debug|x64.Build.0 = Debug|x64
		{AAA185BC-0EA0-4804-9D7B-0E9B1D411070}.Debug|x86.ActiveCfg = Debug|x86
		{AAA185BC-0EA0-4804-9D7B-0E9B1D411070}.Debug|x86.Build.0 = Debug|x86
		{AAA185BC-0EA0-4804-9D7B-0E9B1D411070}.Release|Any CPU.ActiveCfg = Release|Any CPU
		{AAA185BC-0EA0-4804-9D7B-0E9B1D411070}.Release|Any CPU.Build.0 = Release|Any CPU
		{AAA185BC-0EA0-4804-9D7B-0E9B1D411070}.Release|x64.ActiveCfg = Release|x64
		{AAA185BC-0EA0-4804-9D7B-0E9B1D411070}.Release|x64.Build.0 = Release|x64
		{AAA185BC-0EA0-4804-9D7B-0E9B1D411070}.Release|x86.ActiveCfg = Release|x86
		{AAA185BC-0EA0-4804-9D7B-0E9B1D411070}.Release|x86.Build.0 = Release|x86
		{639015CD-44C7-4180-92C8-D9B74026B89D}.Debug|Any CPU.ActiveCfg = Debug|Any CPU
		{639015CD-44C7-4180-92C8-D9B74026B89D}.Debug|Any CPU.Build.0 = Debug|Any CPU
		{639015CD-44C7-4180-92C8-D9B74026B89D}.Debug|x64.ActiveCfg = Debug|x64
		{639015CD-44C7-4180-92C8-D9B74026B89D}.Debug|x64.Build.0 = Debug|x64
		{639015CD-44C7-4180-92C8-D9B74026B89D}.Debug|x86.ActiveCfg = Debug|x86
		{639015CD-44C7-4180-92C8-D9B74026B89D}.Debug|x86.Build.0 = Debug|x86
		{639015CD-44C7-4180-92C8-D9B74026B89D}.Release|Any CPU.ActiveCfg = Release|Any CPU
		{639015CD-44C7-4180-92C8-D9B74026B89D}.Release|Any CPU.Build.0 = Release|Any CPU
		{639015CD-44C7-4180-92C8-D9B74026B89D}.Release|x64.ActiveCfg = Release|x64
		{639015CD-44C7-4180-92C8-D9B74026B89D}.Release|x64.Build.0 = Release|x64
		{639015CD-44C7-4180-92C8-D9B74026B89D}.Release|x86.ActiveCfg = Release|x86
		{639015CD-44C7-4180-92C8-D9B74026B89D}.Release|x86.Build.0 = Release|x86
		{76EE2EEC-F9CC-4C08-8AAE-5753714B4BF6}.Debug|Any CPU.ActiveCfg = Debug|Any CPU
		{76EE2EEC-F9CC-4C08-8AAE-5753714B4BF6}.Debug|Any CPU.Build.0 = Debug|Any CPU
		{76EE2EEC-F9CC-4C08-8AAE-5753714B4BF6}.Debug|x64.ActiveCfg = Debug|x64
		{76EE2EEC-F9CC-4C08-8AAE-5753714B4BF6}.Debug|x64.Build.0 = Debug|x64
		{76EE2EEC-F9CC-4C08-8AAE-5753714B4BF6}.Debug|x86.ActiveCfg = Debug|x86
		{76EE2EEC-F9CC-4C08-8AAE-5753714B4BF6}.Debug|x86.Build.0 = Debug|x86
		{76EE2EEC-F9CC-4C08-8AAE-5753714B4BF6}.Release|Any CPU.ActiveCfg = Release|Any CPU
		{76EE2EEC-F9CC-4C08-8AAE-5753714B4BF6}.Release|Any CPU.Build.0 = Release|Any CPU
		{76EE2EEC-F9CC-4C08-8AAE-5753714B4BF6}.Release|x64.ActiveCfg = Release|x64
		{76EE2EEC-F9CC-4C08-8AAE-5753714B4BF6}.Release|x64.Build.0 = Release|x64
		{76EE2EEC-F9CC-4C08-8AAE-5753714B4BF6}.Release|x86.ActiveCfg = Release|x86
		{76EE2EEC-F9CC-4C08-8AAE-5753714B4BF6}.Release|x86.Build.0 = Release|x86
		{5E0FF8F2-E4D2-415E-AB65-C302BD3584D1}.Debug|Any CPU.ActiveCfg = Debug|Any CPU
		{5E0FF8F2-E4D2-415E-AB65-C302BD3584D1}.Debug|Any CPU.Build.0 = Debug|Any CPU
		{5E0FF8F2-E4D2-415E-AB65-C302BD3584D1}.Debug|x64.ActiveCfg = Debug|x64
		{5E0FF8F2-E4D2-415E-AB65-C302BD3584D1}.Debug|x64.Build.0 = Debug|x64
		{5E0FF8F2-E4D2-415E-AB65-C302BD3584D1}.Debug|x86.ActiveCfg = Debug|x86
		{5E0FF8F2-E4D2-415E-AB65-C302BD3584D1}.Debug|x86.Build.0 = Debug|x86
		{5E0FF8F2-E4D2-415E-AB65-C302BD3584D1}.Release|Any CPU.ActiveCfg = Release|Any CPU
		{5E0FF8F2-E4D2-415E-AB65-C302BD3584D1}.Release|Any CPU.Build.0 = Release|Any CPU
		{5E0FF8F2-E4D2-415E-AB65-C302BD3584D1}.Release|x64.ActiveCfg = Release|x64
		{5E0FF8F2-E4D2-415E-AB65-C302BD3584D1}.Release|x64.Build.0 = Release|x64
		{5E0FF8F2-E4D2-415E-AB65-C302BD3584D1}.Release|x86.ActiveCfg = Release|x86
		{5E0FF8F2-E4D2-415E-AB65-C302BD3584D1}.Release|x86.Build.0 = Release|x86
		{A9D17DEE-9710-4B0A-B0DF-08E43D77EF08}.Debug|Any CPU.ActiveCfg = Debug|Any CPU
		{A9D17DEE-9710-4B0A-B0DF-08E43D77EF08}.Debug|Any CPU.Build.0 = Debug|Any CPU
		{A9D17DEE-9710-4B0A-B0DF-08E43D77EF08}.Debug|x64.ActiveCfg = Debug|x64
		{A9D17DEE-9710-4B0A-B0DF-08E43D77EF08}.Debug|x64.Build.0 = Debug|x64
		{A9D17DEE-9710-4B0A-B0DF-08E43D77EF08}.Debug|x86.ActiveCfg = Debug|x86
		{A9D17DEE-9710-4B0A-B0DF-08E43D77EF08}.Debug|x86.Build.0 = Debug|x86
		{A9D17DEE-9710-4B0A-B0DF-08E43D77EF08}.Release|Any CPU.ActiveCfg = Release|Any CPU
		{A9D17DEE-9710-4B0A-B0DF-08E43D77EF08}.Release|Any CPU.Build.0 = Release|Any CPU
		{A9D17DEE-9710-4B0A-B0DF-08E43D77EF08}.Release|x64.ActiveCfg = Release|x64
		{A9D17DEE-9710-4B0A-B0DF-08E43D77EF08}.Release|x64.Build.0 = Release|x64
		{A9D17DEE-9710-4B0A-B0DF-08E43D77EF08}.Release|x86.ActiveCfg = Release|x86
		{A9D17DEE-9710-4B0A-B0DF-08E43D77EF08}.Release|x86.Build.0 = Release|x86
		{EF468541-B450-4DC9-9603-8D0A82B5036C}.Debug|Any CPU.ActiveCfg = Debug|Any CPU
		{EF468541-B450-4DC9-9603-8D0A82B5036C}.Debug|Any CPU.Build.0 = Debug|Any CPU
		{EF468541-B450-4DC9-9603-8D0A82B5036C}.Debug|x64.ActiveCfg = Debug|x64
		{EF468541-B450-4DC9-9603-8D0A82B5036C}.Debug|x64.Build.0 = Debug|x64
		{EF468541-B450-4DC9-9603-8D0A82B5036C}.Debug|x86.ActiveCfg = Debug|x86
		{EF468541-B450-4DC9-9603-8D0A82B5036C}.Debug|x86.Build.0 = Debug|x86
		{EF468541-B450-4DC9-9603-8D0A82B5036C}.Release|Any CPU.ActiveCfg = Release|Any CPU
		{EF468541-B450-4DC9-9603-8D0A82B5036C}.Release|Any CPU.Build.0 = Release|Any CPU
		{EF468541-B450-4DC9-9603-8D0A82B5036C}.Release|x64.ActiveCfg = Release|x64
		{EF468541-B450-4DC9-9603-8D0A82B5036C}.Release|x64.Build.0 = Release|x64
		{EF468541-B450-4DC9-9603-8D0A82B5036C}.Release|x86.ActiveCfg = Release|x86
		{EF468541-B450-4DC9-9603-8D0A82B5036C}.Release|x86.Build.0 = Release|x86
		{240CEFED-4B30-4B17-8B75-5A89021B68DA}.Debug|Any CPU.ActiveCfg = Debug|Any CPU
		{240CEFED-4B30-4B17-8B75-5A89021B68DA}.Debug|Any CPU.Build.0 = Debug|Any CPU
		{240CEFED-4B30-4B17-8B75-5A89021B68DA}.Debug|x64.ActiveCfg = Debug|x64
		{240CEFED-4B30-4B17-8B75-5A89021B68DA}.Debug|x64.Build.0 = Debug|x64
		{240CEFED-4B30-4B17-8B75-5A89021B68DA}.Debug|x86.ActiveCfg = Debug|x86
		{240CEFED-4B30-4B17-8B75-5A89021B68DA}.Debug|x86.Build.0 = Debug|x86
		{240CEFED-4B30-4B17-8B75-5A89021B68DA}.Release|Any CPU.ActiveCfg = Release|Any CPU
		{240CEFED-4B30-4B17-8B75-5A89021B68DA}.Release|Any CPU.Build.0 = Release|Any CPU
		{240CEFED-4B30-4B17-8B75-5A89021B68DA}.Release|x64.ActiveCfg = Release|x64
		{240CEFED-4B30-4B17-8B75-5A89021B68DA}.Release|x64.Build.0 = Release|x64
		{240CEFED-4B30-4B17-8B75-5A89021B68DA}.Release|x86.ActiveCfg = Release|x86
		{240CEFED-4B30-4B17-8B75-5A89021B68DA}.Release|x86.Build.0 = Release|x86
		{F497FA4D-42F9-4616-8A23-4616E0917C59}.Debug|Any CPU.ActiveCfg = Debug|Any CPU
		{F497FA4D-42F9-4616-8A23-4616E0917C59}.Debug|Any CPU.Build.0 = Debug|Any CPU
		{F497FA4D-42F9-4616-8A23-4616E0917C59}.Debug|x64.ActiveCfg = Debug|x64
		{F497FA4D-42F9-4616-8A23-4616E0917C59}.Debug|x64.Build.0 = Debug|x64
		{F497FA4D-42F9-4616-8A23-4616E0917C59}.Debug|x86.ActiveCfg = Debug|x86
		{F497FA4D-42F9-4616-8A23-4616E0917C59}.Debug|x86.Build.0 = Debug|x86
		{F497FA4D-42F9-4616-8A23-4616E0917C59}.Release|Any CPU.ActiveCfg = Release|Any CPU
		{F497FA4D-42F9-4616-8A23-4616E0917C59}.Release|Any CPU.Build.0 = Release|Any CPU
		{F497FA4D-42F9-4616-8A23-4616E0917C59}.Release|x64.ActiveCfg = Release|x64
		{F497FA4D-42F9-4616-8A23-4616E0917C59}.Release|x64.Build.0 = Release|x64
		{F497FA4D-42F9-4616-8A23-4616E0917C59}.Release|x86.ActiveCfg = Release|x86
		{F497FA4D-42F9-4616-8A23-4616E0917C59}.Release|x86.Build.0 = Release|x86
		{FD89A9BC-3D6F-4D80-A9BD-A4AE722B1490}.Debug|Any CPU.ActiveCfg = Debug|Any CPU
		{FD89A9BC-3D6F-4D80-A9BD-A4AE722B1490}.Debug|Any CPU.Build.0 = Debug|Any CPU
		{FD89A9BC-3D6F-4D80-A9BD-A4AE722B1490}.Debug|x64.ActiveCfg = Debug|x64
		{FD89A9BC-3D6F-4D80-A9BD-A4AE722B1490}.Debug|x64.Build.0 = Debug|x64
		{FD89A9BC-3D6F-4D80-A9BD-A4AE722B1490}.Debug|x86.ActiveCfg = Debug|x86
		{FD89A9BC-3D6F-4D80-A9BD-A4AE722B1490}.Debug|x86.Build.0 = Debug|x86
		{FD89A9BC-3D6F-4D80-A9BD-A4AE722B1490}.Release|Any CPU.ActiveCfg = Release|Any CPU
		{FD89A9BC-3D6F-4D80-A9BD-A4AE722B1490}.Release|Any CPU.Build.0 = Release|Any CPU
		{FD89A9BC-3D6F-4D80-A9BD-A4AE722B1490}.Release|x64.ActiveCfg = Release|x64
		{FD89A9BC-3D6F-4D80-A9BD-A4AE722B1490}.Release|x64.Build.0 = Release|x64
		{FD89A9BC-3D6F-4D80-A9BD-A4AE722B1490}.Release|x86.ActiveCfg = Release|x86
		{FD89A9BC-3D6F-4D80-A9BD-A4AE722B1490}.Release|x86.Build.0 = Release|x86
		{25DB4EBB-D353-4FED-B740-74DA7E4B256A}.Debug|Any CPU.ActiveCfg = Debug|Any CPU
		{25DB4EBB-D353-4FED-B740-74DA7E4B256A}.Debug|Any CPU.Build.0 = Debug|Any CPU
		{25DB4EBB-D353-4FED-B740-74DA7E4B256A}.Debug|x64.ActiveCfg = Debug|x64
		{25DB4EBB-D353-4FED-B740-74DA7E4B256A}.Debug|x64.Build.0 = Debug|x64
		{25DB4EBB-D353-4FED-B740-74DA7E4B256A}.Debug|x86.ActiveCfg = Debug|x86
		{25DB4EBB-D353-4FED-B740-74DA7E4B256A}.Debug|x86.Build.0 = Debug|x86
		{25DB4EBB-D353-4FED-B740-74DA7E4B256A}.Release|Any CPU.ActiveCfg = Release|Any CPU
		{25DB4EBB-D353-4FED-B740-74DA7E4B256A}.Release|Any CPU.Build.0 = Release|Any CPU
		{25DB4EBB-D353-4FED-B740-74DA7E4B256A}.Release|x64.ActiveCfg = Release|x64
		{25DB4EBB-D353-4FED-B740-74DA7E4B256A}.Release|x64.Build.0 = Release|x64
		{25DB4EBB-D353-4FED-B740-74DA7E4B256A}.Release|x86.ActiveCfg = Release|x86
		{25DB4EBB-D353-4FED-B740-74DA7E4B256A}.Release|x86.Build.0 = Release|x86
		{0823EE9D-C999-4934-B43C-0E99F3D01B81}.Debug|Any CPU.ActiveCfg = Debug|Any CPU
		{0823EE9D-C999-4934-B43C-0E99F3D01B81}.Debug|Any CPU.Build.0 = Debug|Any CPU
		{0823EE9D-C999-4934-B43C-0E99F3D01B81}.Debug|x64.ActiveCfg = Debug|x64
		{0823EE9D-C999-4934-B43C-0E99F3D01B81}.Debug|x64.Build.0 = Debug|x64
		{0823EE9D-C999-4934-B43C-0E99F3D01B81}.Debug|x86.ActiveCfg = Debug|x86
		{0823EE9D-C999-4934-B43C-0E99F3D01B81}.Debug|x86.Build.0 = Debug|x86
		{0823EE9D-C999-4934-B43C-0E99F3D01B81}.Release|Any CPU.ActiveCfg = Release|Any CPU
		{0823EE9D-C999-4934-B43C-0E99F3D01B81}.Release|Any CPU.Build.0 = Release|Any CPU
		{0823EE9D-C999-4934-B43C-0E99F3D01B81}.Release|x64.ActiveCfg = Release|x64
		{0823EE9D-C999-4934-B43C-0E99F3D01B81}.Release|x64.Build.0 = Release|x64
		{0823EE9D-C999-4934-B43C-0E99F3D01B81}.Release|x86.ActiveCfg = Release|x86
		{0823EE9D-C999-4934-B43C-0E99F3D01B81}.Release|x86.Build.0 = Release|x86
		{6643544F-460A-48D6-B6B1-CC0949B05AD2}.Debug|Any CPU.ActiveCfg = Debug|Any CPU
		{6643544F-460A-48D6-B6B1-CC0949B05AD2}.Debug|Any CPU.Build.0 = Debug|Any CPU
		{6643544F-460A-48D6-B6B1-CC0949B05AD2}.Debug|x64.ActiveCfg = Debug|x64
		{6643544F-460A-48D6-B6B1-CC0949B05AD2}.Debug|x64.Build.0 = Debug|x64
		{6643544F-460A-48D6-B6B1-CC0949B05AD2}.Debug|x86.ActiveCfg = Debug|x86
		{6643544F-460A-48D6-B6B1-CC0949B05AD2}.Debug|x86.Build.0 = Debug|x86
		{6643544F-460A-48D6-B6B1-CC0949B05AD2}.Release|Any CPU.ActiveCfg = Release|Any CPU
		{6643544F-460A-48D6-B6B1-CC0949B05AD2}.Release|Any CPU.Build.0 = Release|Any CPU
		{6643544F-460A-48D6-B6B1-CC0949B05AD2}.Release|x64.ActiveCfg = Release|x64
		{6643544F-460A-48D6-B6B1-CC0949B05AD2}.Release|x64.Build.0 = Release|x64
		{6643544F-460A-48D6-B6B1-CC0949B05AD2}.Release|x86.ActiveCfg = Release|x86
		{6643544F-460A-48D6-B6B1-CC0949B05AD2}.Release|x86.Build.0 = Release|x86
		{B2BE4B11-04C7-4338-B461-3086447E90DA}.Debug|Any CPU.ActiveCfg = Debug|Any CPU
		{B2BE4B11-04C7-4338-B461-3086447E90DA}.Debug|Any CPU.Build.0 = Debug|Any CPU
		{B2BE4B11-04C7-4338-B461-3086447E90DA}.Debug|x64.ActiveCfg = Debug|x64
		{B2BE4B11-04C7-4338-B461-3086447E90DA}.Debug|x64.Build.0 = Debug|x64
		{B2BE4B11-04C7-4338-B461-3086447E90DA}.Debug|x86.ActiveCfg = Debug|x86
		{B2BE4B11-04C7-4338-B461-3086447E90DA}.Debug|x86.Build.0 = Debug|x86
		{B2BE4B11-04C7-4338-B461-3086447E90DA}.Release|Any CPU.ActiveCfg = Release|Any CPU
		{B2BE4B11-04C7-4338-B461-3086447E90DA}.Release|Any CPU.Build.0 = Release|Any CPU
		{B2BE4B11-04C7-4338-B461-3086447E90DA}.Release|x64.ActiveCfg = Release|x64
		{B2BE4B11-04C7-4338-B461-3086447E90DA}.Release|x64.Build.0 = Release|x64
		{B2BE4B11-04C7-4338-B461-3086447E90DA}.Release|x86.ActiveCfg = Release|x86
		{B2BE4B11-04C7-4338-B461-3086447E90DA}.Release|x86.Build.0 = Release|x86
		{1C0D8CE8-39AF-4DA5-9BF8-F35B401F653B}.Debug|Any CPU.ActiveCfg = Debug|Any CPU
		{1C0D8CE8-39AF-4DA5-9BF8-F35B401F653B}.Debug|Any CPU.Build.0 = Debug|Any CPU
		{1C0D8CE8-39AF-4DA5-9BF8-F35B401F653B}.Debug|x64.ActiveCfg = Debug|x64
		{1C0D8CE8-39AF-4DA5-9BF8-F35B401F653B}.Debug|x64.Build.0 = Debug|x64
		{1C0D8CE8-39AF-4DA5-9BF8-F35B401F653B}.Debug|x86.ActiveCfg = Debug|x86
		{1C0D8CE8-39AF-4DA5-9BF8-F35B401F653B}.Debug|x86.Build.0 = Debug|x86
		{1C0D8CE8-39AF-4DA5-9BF8-F35B401F653B}.Release|Any CPU.ActiveCfg = Release|Any CPU
		{1C0D8CE8-39AF-4DA5-9BF8-F35B401F653B}.Release|Any CPU.Build.0 = Release|Any CPU
		{1C0D8CE8-39AF-4DA5-9BF8-F35B401F653B}.Release|x64.ActiveCfg = Release|x64
		{1C0D8CE8-39AF-4DA5-9BF8-F35B401F653B}.Release|x64.Build.0 = Release|x64
		{1C0D8CE8-39AF-4DA5-9BF8-F35B401F653B}.Release|x86.ActiveCfg = Release|x86
		{1C0D8CE8-39AF-4DA5-9BF8-F35B401F653B}.Release|x86.Build.0 = Release|x86
		{2040D7FB-EA5D-4749-870A-1CB5E383764D}.Debug|Any CPU.ActiveCfg = Debug|Any CPU
		{2040D7FB-EA5D-4749-870A-1CB5E383764D}.Debug|Any CPU.Build.0 = Debug|Any CPU
		{2040D7FB-EA5D-4749-870A-1CB5E383764D}.Debug|x64.ActiveCfg = Debug|x64
		{2040D7FB-EA5D-4749-870A-1CB5E383764D}.Debug|x64.Build.0 = Debug|x64
		{2040D7FB-EA5D-4749-870A-1CB5E383764D}.Debug|x86.ActiveCfg = Debug|x86
		{2040D7FB-EA5D-4749-870A-1CB5E383764D}.Debug|x86.Build.0 = Debug|x86
		{2040D7FB-EA5D-4749-870A-1CB5E383764D}.Release|Any CPU.ActiveCfg = Release|Any CPU
		{2040D7FB-EA5D-4749-870A-1CB5E383764D}.Release|Any CPU.Build.0 = Release|Any CPU
		{2040D7FB-EA5D-4749-870A-1CB5E383764D}.Release|x64.ActiveCfg = Release|x64
		{2040D7FB-EA5D-4749-870A-1CB5E383764D}.Release|x64.Build.0 = Release|x64
		{2040D7FB-EA5D-4749-870A-1CB5E383764D}.Release|x86.ActiveCfg = Release|x86
		{2040D7FB-EA5D-4749-870A-1CB5E383764D}.Release|x86.Build.0 = Release|x86
		{0AB33C0C-DA8E-45B4-A891-50D5F489B86A}.Debug|Any CPU.ActiveCfg = Debug|Any CPU
		{0AB33C0C-DA8E-45B4-A891-50D5F489B86A}.Debug|Any CPU.Build.0 = Debug|Any CPU
		{0AB33C0C-DA8E-45B4-A891-50D5F489B86A}.Debug|x64.ActiveCfg = Debug|x64
		{0AB33C0C-DA8E-45B4-A891-50D5F489B86A}.Debug|x64.Build.0 = Debug|x64
		{0AB33C0C-DA8E-45B4-A891-50D5F489B86A}.Debug|x86.ActiveCfg = Debug|x86
		{0AB33C0C-DA8E-45B4-A891-50D5F489B86A}.Debug|x86.Build.0 = Debug|x86
		{0AB33C0C-DA8E-45B4-A891-50D5F489B86A}.Release|Any CPU.ActiveCfg = Release|Any CPU
		{0AB33C0C-DA8E-45B4-A891-50D5F489B86A}.Release|Any CPU.Build.0 = Release|Any CPU
		{0AB33C0C-DA8E-45B4-A891-50D5F489B86A}.Release|x64.ActiveCfg = Release|x64
		{0AB33C0C-DA8E-45B4-A891-50D5F489B86A}.Release|x64.Build.0 = Release|x64
		{0AB33C0C-DA8E-45B4-A891-50D5F489B86A}.Release|x86.ActiveCfg = Release|x86
		{0AB33C0C-DA8E-45B4-A891-50D5F489B86A}.Release|x86.Build.0 = Release|x86
		{F470F404-9CA3-4BF1-81BE-1621A9B55921}.Debug|Any CPU.ActiveCfg = Debug|Any CPU
		{F470F404-9CA3-4BF1-81BE-1621A9B55921}.Debug|Any CPU.Build.0 = Debug|Any CPU
		{F470F404-9CA3-4BF1-81BE-1621A9B55921}.Debug|x64.ActiveCfg = Debug|x64
		{F470F404-9CA3-4BF1-81BE-1621A9B55921}.Debug|x64.Build.0 = Debug|x64
		{F470F404-9CA3-4BF1-81BE-1621A9B55921}.Debug|x86.ActiveCfg = Debug|x86
		{F470F404-9CA3-4BF1-81BE-1621A9B55921}.Debug|x86.Build.0 = Debug|x86
		{F470F404-9CA3-4BF1-81BE-1621A9B55921}.Release|Any CPU.ActiveCfg = Release|Any CPU
		{F470F404-9CA3-4BF1-81BE-1621A9B55921}.Release|Any CPU.Build.0 = Release|Any CPU
		{F470F404-9CA3-4BF1-81BE-1621A9B55921}.Release|x64.ActiveCfg = Release|x64
		{F470F404-9CA3-4BF1-81BE-1621A9B55921}.Release|x64.Build.0 = Release|x64
		{F470F404-9CA3-4BF1-81BE-1621A9B55921}.Release|x86.ActiveCfg = Release|x86
		{F470F404-9CA3-4BF1-81BE-1621A9B55921}.Release|x86.Build.0 = Release|x86
		{D7E3B517-BF79-4EC2-8C57-F71E6F8CA97F}.Debug|Any CPU.ActiveCfg = Debug|Any CPU
		{D7E3B517-BF79-4EC2-8C57-F71E6F8CA97F}.Debug|Any CPU.Build.0 = Debug|Any CPU
		{D7E3B517-BF79-4EC2-8C57-F71E6F8CA97F}.Debug|x64.ActiveCfg = Debug|x64
		{D7E3B517-BF79-4EC2-8C57-F71E6F8CA97F}.Debug|x64.Build.0 = Debug|x64
		{D7E3B517-BF79-4EC2-8C57-F71E6F8CA97F}.Debug|x86.ActiveCfg = Debug|x86
		{D7E3B517-BF79-4EC2-8C57-F71E6F8CA97F}.Debug|x86.Build.0 = Debug|x86
		{D7E3B517-BF79-4EC2-8C57-F71E6F8CA97F}.Release|Any CPU.ActiveCfg = Release|Any CPU
		{D7E3B517-BF79-4EC2-8C57-F71E6F8CA97F}.Release|Any CPU.Build.0 = Release|Any CPU
		{D7E3B517-BF79-4EC2-8C57-F71E6F8CA97F}.Release|x64.ActiveCfg = Release|x64
		{D7E3B517-BF79-4EC2-8C57-F71E6F8CA97F}.Release|x64.Build.0 = Release|x64
		{D7E3B517-BF79-4EC2-8C57-F71E6F8CA97F}.Release|x86.ActiveCfg = Release|x86
		{D7E3B517-BF79-4EC2-8C57-F71E6F8CA97F}.Release|x86.Build.0 = Release|x86
		{CEBB423D-3CDC-4E51-97D3-F87F6A71BABA}.Debug|Any CPU.ActiveCfg = Debug|Any CPU
		{CEBB423D-3CDC-4E51-97D3-F87F6A71BABA}.Debug|Any CPU.Build.0 = Debug|Any CPU
		{CEBB423D-3CDC-4E51-97D3-F87F6A71BABA}.Debug|x64.ActiveCfg = Debug|x64
		{CEBB423D-3CDC-4E51-97D3-F87F6A71BABA}.Debug|x64.Build.0 = Debug|x64
		{CEBB423D-3CDC-4E51-97D3-F87F6A71BABA}.Debug|x86.ActiveCfg = Debug|x86
		{CEBB423D-3CDC-4E51-97D3-F87F6A71BABA}.Debug|x86.Build.0 = Debug|x86
		{CEBB423D-3CDC-4E51-97D3-F87F6A71BABA}.Release|Any CPU.ActiveCfg = Release|Any CPU
		{CEBB423D-3CDC-4E51-97D3-F87F6A71BABA}.Release|Any CPU.Build.0 = Release|Any CPU
		{CEBB423D-3CDC-4E51-97D3-F87F6A71BABA}.Release|x64.ActiveCfg = Release|x64
		{CEBB423D-3CDC-4E51-97D3-F87F6A71BABA}.Release|x64.Build.0 = Release|x64
		{CEBB423D-3CDC-4E51-97D3-F87F6A71BABA}.Release|x86.ActiveCfg = Release|x86
		{CEBB423D-3CDC-4E51-97D3-F87F6A71BABA}.Release|x86.Build.0 = Release|x86
		{60873EF4-959A-41AB-A99F-CC43A7E7F50B}.Debug|Any CPU.ActiveCfg = Debug|Any CPU
		{60873EF4-959A-41AB-A99F-CC43A7E7F50B}.Debug|Any CPU.Build.0 = Debug|Any CPU
		{60873EF4-959A-41AB-A99F-CC43A7E7F50B}.Debug|x64.ActiveCfg = Debug|x64
		{60873EF4-959A-41AB-A99F-CC43A7E7F50B}.Debug|x64.Build.0 = Debug|x64
		{60873EF4-959A-41AB-A99F-CC43A7E7F50B}.Debug|x86.ActiveCfg = Debug|x86
		{60873EF4-959A-41AB-A99F-CC43A7E7F50B}.Debug|x86.Build.0 = Debug|x86
		{60873EF4-959A-41AB-A99F-CC43A7E7F50B}.Release|Any CPU.ActiveCfg = Release|Any CPU
		{60873EF4-959A-41AB-A99F-CC43A7E7F50B}.Release|Any CPU.Build.0 = Release|Any CPU
		{60873EF4-959A-41AB-A99F-CC43A7E7F50B}.Release|x64.ActiveCfg = Release|x64
		{60873EF4-959A-41AB-A99F-CC43A7E7F50B}.Release|x64.Build.0 = Release|x64
		{60873EF4-959A-41AB-A99F-CC43A7E7F50B}.Release|x86.ActiveCfg = Release|x86
		{60873EF4-959A-41AB-A99F-CC43A7E7F50B}.Release|x86.Build.0 = Release|x86
		{5B97FA87-9173-41D6-894C-A395FFCF6123}.Debug|Any CPU.ActiveCfg = Debug|Any CPU
		{5B97FA87-9173-41D6-894C-A395FFCF6123}.Debug|Any CPU.Build.0 = Debug|Any CPU
		{5B97FA87-9173-41D6-894C-A395FFCF6123}.Debug|x64.ActiveCfg = Debug|x64
		{5B97FA87-9173-41D6-894C-A395FFCF6123}.Debug|x64.Build.0 = Debug|x64
		{5B97FA87-9173-41D6-894C-A395FFCF6123}.Debug|x86.ActiveCfg = Debug|x86
		{5B97FA87-9173-41D6-894C-A395FFCF6123}.Debug|x86.Build.0 = Debug|x86
		{5B97FA87-9173-41D6-894C-A395FFCF6123}.Release|Any CPU.ActiveCfg = Release|Any CPU
		{5B97FA87-9173-41D6-894C-A395FFCF6123}.Release|Any CPU.Build.0 = Release|Any CPU
		{5B97FA87-9173-41D6-894C-A395FFCF6123}.Release|x64.ActiveCfg = Release|x64
		{5B97FA87-9173-41D6-894C-A395FFCF6123}.Release|x64.Build.0 = Release|x64
		{5B97FA87-9173-41D6-894C-A395FFCF6123}.Release|x86.ActiveCfg = Release|x86
		{5B97FA87-9173-41D6-894C-A395FFCF6123}.Release|x86.Build.0 = Release|x86
		{E7BA0F43-6524-4BA5-8700-7A1C667EF48E}.Debug|Any CPU.ActiveCfg = Debug|Any CPU
		{E7BA0F43-6524-4BA5-8700-7A1C667EF48E}.Debug|Any CPU.Build.0 = Debug|Any CPU
		{E7BA0F43-6524-4BA5-8700-7A1C667EF48E}.Debug|x64.ActiveCfg = Debug|x64
		{E7BA0F43-6524-4BA5-8700-7A1C667EF48E}.Debug|x64.Build.0 = Debug|x64
		{E7BA0F43-6524-4BA5-8700-7A1C667EF48E}.Debug|x86.ActiveCfg = Debug|x86
		{E7BA0F43-6524-4BA5-8700-7A1C667EF48E}.Debug|x86.Build.0 = Debug|x86
		{E7BA0F43-6524-4BA5-8700-7A1C667EF48E}.Release|Any CPU.ActiveCfg = Release|Any CPU
		{E7BA0F43-6524-4BA5-8700-7A1C667EF48E}.Release|Any CPU.Build.0 = Release|Any CPU
		{E7BA0F43-6524-4BA5-8700-7A1C667EF48E}.Release|x64.ActiveCfg = Release|x64
		{E7BA0F43-6524-4BA5-8700-7A1C667EF48E}.Release|x64.Build.0 = Release|x64
		{E7BA0F43-6524-4BA5-8700-7A1C667EF48E}.Release|x86.ActiveCfg = Release|x86
		{E7BA0F43-6524-4BA5-8700-7A1C667EF48E}.Release|x86.Build.0 = Release|x86
		{6A3B36C3-68A0-4576-84DF-1A7D3F2650F0}.Debug|Any CPU.ActiveCfg = Debug|Any CPU
		{6A3B36C3-68A0-4576-84DF-1A7D3F2650F0}.Debug|Any CPU.Build.0 = Debug|Any CPU
		{6A3B36C3-68A0-4576-84DF-1A7D3F2650F0}.Debug|x64.ActiveCfg = Debug|x64
		{6A3B36C3-68A0-4576-84DF-1A7D3F2650F0}.Debug|x64.Build.0 = Debug|x64
		{6A3B36C3-68A0-4576-84DF-1A7D3F2650F0}.Debug|x86.ActiveCfg = Debug|x86
		{6A3B36C3-68A0-4576-84DF-1A7D3F2650F0}.Debug|x86.Build.0 = Debug|x86
		{6A3B36C3-68A0-4576-84DF-1A7D3F2650F0}.Release|Any CPU.ActiveCfg = Release|Any CPU
		{6A3B36C3-68A0-4576-84DF-1A7D3F2650F0}.Release|Any CPU.Build.0 = Release|Any CPU
		{6A3B36C3-68A0-4576-84DF-1A7D3F2650F0}.Release|x64.ActiveCfg = Release|x64
		{6A3B36C3-68A0-4576-84DF-1A7D3F2650F0}.Release|x64.Build.0 = Release|x64
		{6A3B36C3-68A0-4576-84DF-1A7D3F2650F0}.Release|x86.ActiveCfg = Release|x86
		{6A3B36C3-68A0-4576-84DF-1A7D3F2650F0}.Release|x86.Build.0 = Release|x86
		{ED34B742-4F49-42E6-8421-20D989DB9622}.Debug|Any CPU.ActiveCfg = Debug|Any CPU
		{ED34B742-4F49-42E6-8421-20D989DB9622}.Debug|Any CPU.Build.0 = Debug|Any CPU
		{ED34B742-4F49-42E6-8421-20D989DB9622}.Debug|x64.ActiveCfg = Debug|x64
		{ED34B742-4F49-42E6-8421-20D989DB9622}.Debug|x64.Build.0 = Debug|x64
		{ED34B742-4F49-42E6-8421-20D989DB9622}.Debug|x86.ActiveCfg = Debug|x86
		{ED34B742-4F49-42E6-8421-20D989DB9622}.Debug|x86.Build.0 = Debug|x86
		{ED34B742-4F49-42E6-8421-20D989DB9622}.Release|Any CPU.ActiveCfg = Release|Any CPU
		{ED34B742-4F49-42E6-8421-20D989DB9622}.Release|Any CPU.Build.0 = Release|Any CPU
		{ED34B742-4F49-42E6-8421-20D989DB9622}.Release|x64.ActiveCfg = Release|x64
		{ED34B742-4F49-42E6-8421-20D989DB9622}.Release|x64.Build.0 = Release|x64
		{ED34B742-4F49-42E6-8421-20D989DB9622}.Release|x86.ActiveCfg = Release|x86
		{ED34B742-4F49-42E6-8421-20D989DB9622}.Release|x86.Build.0 = Release|x86
		{AC3C865B-F73C-42C1-8457-67BEA7BDD39D}.Debug|Any CPU.ActiveCfg = Debug|Any CPU
		{AC3C865B-F73C-42C1-8457-67BEA7BDD39D}.Debug|Any CPU.Build.0 = Debug|Any CPU
		{AC3C865B-F73C-42C1-8457-67BEA7BDD39D}.Debug|x64.ActiveCfg = Debug|x64
		{AC3C865B-F73C-42C1-8457-67BEA7BDD39D}.Debug|x64.Build.0 = Debug|x64
		{AC3C865B-F73C-42C1-8457-67BEA7BDD39D}.Debug|x86.ActiveCfg = Debug|x86
		{AC3C865B-F73C-42C1-8457-67BEA7BDD39D}.Debug|x86.Build.0 = Debug|x86
		{AC3C865B-F73C-42C1-8457-67BEA7BDD39D}.Release|Any CPU.ActiveCfg = Release|Any CPU
		{AC3C865B-F73C-42C1-8457-67BEA7BDD39D}.Release|Any CPU.Build.0 = Release|Any CPU
		{AC3C865B-F73C-42C1-8457-67BEA7BDD39D}.Release|x64.ActiveCfg = Release|x64
		{AC3C865B-F73C-42C1-8457-67BEA7BDD39D}.Release|x64.Build.0 = Release|x64
		{AC3C865B-F73C-42C1-8457-67BEA7BDD39D}.Release|x86.ActiveCfg = Release|x86
		{AC3C865B-F73C-42C1-8457-67BEA7BDD39D}.Release|x86.Build.0 = Release|x86
		{5BEB6828-4F8F-4A74-9DDF-9A03252AEE4E}.Debug|Any CPU.ActiveCfg = Debug|Any CPU
		{5BEB6828-4F8F-4A74-9DDF-9A03252AEE4E}.Debug|Any CPU.Build.0 = Debug|Any CPU
		{5BEB6828-4F8F-4A74-9DDF-9A03252AEE4E}.Debug|x64.ActiveCfg = Debug|x64
		{5BEB6828-4F8F-4A74-9DDF-9A03252AEE4E}.Debug|x64.Build.0 = Debug|x64
		{5BEB6828-4F8F-4A74-9DDF-9A03252AEE4E}.Debug|x86.ActiveCfg = Debug|x86
		{5BEB6828-4F8F-4A74-9DDF-9A03252AEE4E}.Debug|x86.Build.0 = Debug|x86
		{5BEB6828-4F8F-4A74-9DDF-9A03252AEE4E}.Release|Any CPU.ActiveCfg = Release|Any CPU
		{5BEB6828-4F8F-4A74-9DDF-9A03252AEE4E}.Release|Any CPU.Build.0 = Release|Any CPU
		{5BEB6828-4F8F-4A74-9DDF-9A03252AEE4E}.Release|x64.ActiveCfg = Release|x64
		{5BEB6828-4F8F-4A74-9DDF-9A03252AEE4E}.Release|x64.Build.0 = Release|x64
		{5BEB6828-4F8F-4A74-9DDF-9A03252AEE4E}.Release|x86.ActiveCfg = Release|x86
		{5BEB6828-4F8F-4A74-9DDF-9A03252AEE4E}.Release|x86.Build.0 = Release|x86
		{F9DE7DCA-20BC-4C33-9DBC-1135787C10E7}.Debug|Any CPU.ActiveCfg = Debug|Any CPU
		{F9DE7DCA-20BC-4C33-9DBC-1135787C10E7}.Debug|Any CPU.Build.0 = Debug|Any CPU
		{F9DE7DCA-20BC-4C33-9DBC-1135787C10E7}.Debug|x64.ActiveCfg = Debug|x64
		{F9DE7DCA-20BC-4C33-9DBC-1135787C10E7}.Debug|x64.Build.0 = Debug|x64
		{F9DE7DCA-20BC-4C33-9DBC-1135787C10E7}.Debug|x86.ActiveCfg = Debug|x86
		{F9DE7DCA-20BC-4C33-9DBC-1135787C10E7}.Debug|x86.Build.0 = Debug|x86
		{F9DE7DCA-20BC-4C33-9DBC-1135787C10E7}.Release|Any CPU.ActiveCfg = Release|Any CPU
		{F9DE7DCA-20BC-4C33-9DBC-1135787C10E7}.Release|Any CPU.Build.0 = Release|Any CPU
		{F9DE7DCA-20BC-4C33-9DBC-1135787C10E7}.Release|x64.ActiveCfg = Release|x64
		{F9DE7DCA-20BC-4C33-9DBC-1135787C10E7}.Release|x64.Build.0 = Release|x64
		{F9DE7DCA-20BC-4C33-9DBC-1135787C10E7}.Release|x86.ActiveCfg = Release|x86
		{F9DE7DCA-20BC-4C33-9DBC-1135787C10E7}.Release|x86.Build.0 = Release|x86
		{E4882982-B32E-4793-85C7-2EED166061B1}.Debug|Any CPU.ActiveCfg = Debug|Any CPU
		{E4882982-B32E-4793-85C7-2EED166061B1}.Debug|Any CPU.Build.0 = Debug|Any CPU
		{E4882982-B32E-4793-85C7-2EED166061B1}.Debug|x64.ActiveCfg = Debug|x64
		{E4882982-B32E-4793-85C7-2EED166061B1}.Debug|x64.Build.0 = Debug|x64
		{E4882982-B32E-4793-85C7-2EED166061B1}.Debug|x86.ActiveCfg = Debug|x86
		{E4882982-B32E-4793-85C7-2EED166061B1}.Debug|x86.Build.0 = Debug|x86
		{E4882982-B32E-4793-85C7-2EED166061B1}.Release|Any CPU.ActiveCfg = Release|Any CPU
		{E4882982-B32E-4793-85C7-2EED166061B1}.Release|Any CPU.Build.0 = Release|Any CPU
		{E4882982-B32E-4793-85C7-2EED166061B1}.Release|x64.ActiveCfg = Release|x64
		{E4882982-B32E-4793-85C7-2EED166061B1}.Release|x64.Build.0 = Release|x64
		{E4882982-B32E-4793-85C7-2EED166061B1}.Release|x86.ActiveCfg = Release|x86
		{E4882982-B32E-4793-85C7-2EED166061B1}.Release|x86.Build.0 = Release|x86
		{CA579123-C35B-43B4-A295-B9C7CC6DEB02}.Debug|Any CPU.ActiveCfg = Debug|Any CPU
		{CA579123-C35B-43B4-A295-B9C7CC6DEB02}.Debug|Any CPU.Build.0 = Debug|Any CPU
		{CA579123-C35B-43B4-A295-B9C7CC6DEB02}.Debug|x64.ActiveCfg = Debug|x64
		{CA579123-C35B-43B4-A295-B9C7CC6DEB02}.Debug|x64.Build.0 = Debug|x64
		{CA579123-C35B-43B4-A295-B9C7CC6DEB02}.Debug|x86.ActiveCfg = Debug|x86
		{CA579123-C35B-43B4-A295-B9C7CC6DEB02}.Debug|x86.Build.0 = Debug|x86
		{CA579123-C35B-43B4-A295-B9C7CC6DEB02}.Release|Any CPU.ActiveCfg = Release|Any CPU
		{CA579123-C35B-43B4-A295-B9C7CC6DEB02}.Release|Any CPU.Build.0 = Release|Any CPU
		{CA579123-C35B-43B4-A295-B9C7CC6DEB02}.Release|x64.ActiveCfg = Release|x64
		{CA579123-C35B-43B4-A295-B9C7CC6DEB02}.Release|x64.Build.0 = Release|x64
		{CA579123-C35B-43B4-A295-B9C7CC6DEB02}.Release|x86.ActiveCfg = Release|x86
		{CA579123-C35B-43B4-A295-B9C7CC6DEB02}.Release|x86.Build.0 = Release|x86
		{4E2BA2B7-D6AD-4B97-BE5E-3BCAB2FDCE9F}.Debug|Any CPU.ActiveCfg = Debug|Any CPU
		{4E2BA2B7-D6AD-4B97-BE5E-3BCAB2FDCE9F}.Debug|Any CPU.Build.0 = Debug|Any CPU
		{4E2BA2B7-D6AD-4B97-BE5E-3BCAB2FDCE9F}.Debug|x64.ActiveCfg = Debug|x64
		{4E2BA2B7-D6AD-4B97-BE5E-3BCAB2FDCE9F}.Debug|x64.Build.0 = Debug|x64
		{4E2BA2B7-D6AD-4B97-BE5E-3BCAB2FDCE9F}.Debug|x86.ActiveCfg = Debug|x86
		{4E2BA2B7-D6AD-4B97-BE5E-3BCAB2FDCE9F}.Debug|x86.Build.0 = Debug|x86
		{4E2BA2B7-D6AD-4B97-BE5E-3BCAB2FDCE9F}.Release|Any CPU.ActiveCfg = Release|Any CPU
		{4E2BA2B7-D6AD-4B97-BE5E-3BCAB2FDCE9F}.Release|Any CPU.Build.0 = Release|Any CPU
		{4E2BA2B7-D6AD-4B97-BE5E-3BCAB2FDCE9F}.Release|x64.ActiveCfg = Release|x64
		{4E2BA2B7-D6AD-4B97-BE5E-3BCAB2FDCE9F}.Release|x64.Build.0 = Release|x64
		{4E2BA2B7-D6AD-4B97-BE5E-3BCAB2FDCE9F}.Release|x86.ActiveCfg = Release|x86
		{4E2BA2B7-D6AD-4B97-BE5E-3BCAB2FDCE9F}.Release|x86.Build.0 = Release|x86
		{C93ABB1B-361A-4C14-B3EE-09DAD64C02E4}.Debug|Any CPU.ActiveCfg = Debug|Any CPU
		{C93ABB1B-361A-4C14-B3EE-09DAD64C02E4}.Debug|Any CPU.Build.0 = Debug|Any CPU
		{C93ABB1B-361A-4C14-B3EE-09DAD64C02E4}.Debug|x64.ActiveCfg = Debug|x64
		{C93ABB1B-361A-4C14-B3EE-09DAD64C02E4}.Debug|x64.Build.0 = Debug|x64
		{C93ABB1B-361A-4C14-B3EE-09DAD64C02E4}.Debug|x86.ActiveCfg = Debug|x86
		{C93ABB1B-361A-4C14-B3EE-09DAD64C02E4}.Debug|x86.Build.0 = Debug|x86
		{C93ABB1B-361A-4C14-B3EE-09DAD64C02E4}.Release|Any CPU.ActiveCfg = Release|Any CPU
		{C93ABB1B-361A-4C14-B3EE-09DAD64C02E4}.Release|Any CPU.Build.0 = Release|Any CPU
		{C93ABB1B-361A-4C14-B3EE-09DAD64C02E4}.Release|x64.ActiveCfg = Release|x64
		{C93ABB1B-361A-4C14-B3EE-09DAD64C02E4}.Release|x64.Build.0 = Release|x64
		{C93ABB1B-361A-4C14-B3EE-09DAD64C02E4}.Release|x86.ActiveCfg = Release|x86
		{C93ABB1B-361A-4C14-B3EE-09DAD64C02E4}.Release|x86.Build.0 = Release|x86
		{1F7B2BDC-95CB-4A1D-8BDA-2FF84E51E88A}.Debug|Any CPU.ActiveCfg = Debug|Any CPU
		{1F7B2BDC-95CB-4A1D-8BDA-2FF84E51E88A}.Debug|Any CPU.Build.0 = Debug|Any CPU
		{1F7B2BDC-95CB-4A1D-8BDA-2FF84E51E88A}.Debug|x64.ActiveCfg = Debug|x64
		{1F7B2BDC-95CB-4A1D-8BDA-2FF84E51E88A}.Debug|x64.Build.0 = Debug|x64
		{1F7B2BDC-95CB-4A1D-8BDA-2FF84E51E88A}.Debug|x86.ActiveCfg = Debug|x86
		{1F7B2BDC-95CB-4A1D-8BDA-2FF84E51E88A}.Debug|x86.Build.0 = Debug|x86
		{1F7B2BDC-95CB-4A1D-8BDA-2FF84E51E88A}.Release|Any CPU.ActiveCfg = Release|Any CPU
		{1F7B2BDC-95CB-4A1D-8BDA-2FF84E51E88A}.Release|Any CPU.Build.0 = Release|Any CPU
		{1F7B2BDC-95CB-4A1D-8BDA-2FF84E51E88A}.Release|x64.ActiveCfg = Release|x64
		{1F7B2BDC-95CB-4A1D-8BDA-2FF84E51E88A}.Release|x64.Build.0 = Release|x64
		{1F7B2BDC-95CB-4A1D-8BDA-2FF84E51E88A}.Release|x86.ActiveCfg = Release|x86
		{1F7B2BDC-95CB-4A1D-8BDA-2FF84E51E88A}.Release|x86.Build.0 = Release|x86
		{33E1001F-2975-4545-BAAC-94CF1419A5E6}.Debug|Any CPU.ActiveCfg = Debug|Any CPU
		{33E1001F-2975-4545-BAAC-94CF1419A5E6}.Debug|Any CPU.Build.0 = Debug|Any CPU
		{33E1001F-2975-4545-BAAC-94CF1419A5E6}.Debug|x64.ActiveCfg = Debug|x64
		{33E1001F-2975-4545-BAAC-94CF1419A5E6}.Debug|x64.Build.0 = Debug|x64
		{33E1001F-2975-4545-BAAC-94CF1419A5E6}.Debug|x86.ActiveCfg = Debug|x86
		{33E1001F-2975-4545-BAAC-94CF1419A5E6}.Debug|x86.Build.0 = Debug|x86
		{33E1001F-2975-4545-BAAC-94CF1419A5E6}.Release|Any CPU.ActiveCfg = Release|Any CPU
		{33E1001F-2975-4545-BAAC-94CF1419A5E6}.Release|Any CPU.Build.0 = Release|Any CPU
		{33E1001F-2975-4545-BAAC-94CF1419A5E6}.Release|x64.ActiveCfg = Release|x64
		{33E1001F-2975-4545-BAAC-94CF1419A5E6}.Release|x64.Build.0 = Release|x64
		{33E1001F-2975-4545-BAAC-94CF1419A5E6}.Release|x86.ActiveCfg = Release|x86
		{33E1001F-2975-4545-BAAC-94CF1419A5E6}.Release|x86.Build.0 = Release|x86
		{21EC9A26-D3B0-4E43-A484-19197FAF1D59}.Debug|Any CPU.ActiveCfg = Debug|Any CPU
		{21EC9A26-D3B0-4E43-A484-19197FAF1D59}.Debug|Any CPU.Build.0 = Debug|Any CPU
		{21EC9A26-D3B0-4E43-A484-19197FAF1D59}.Debug|x64.ActiveCfg = Debug|x64
		{21EC9A26-D3B0-4E43-A484-19197FAF1D59}.Debug|x64.Build.0 = Debug|x64
		{21EC9A26-D3B0-4E43-A484-19197FAF1D59}.Debug|x86.ActiveCfg = Debug|x86
		{21EC9A26-D3B0-4E43-A484-19197FAF1D59}.Debug|x86.Build.0 = Debug|x86
		{21EC9A26-D3B0-4E43-A484-19197FAF1D59}.Release|Any CPU.ActiveCfg = Release|Any CPU
		{21EC9A26-D3B0-4E43-A484-19197FAF1D59}.Release|Any CPU.Build.0 = Release|Any CPU
		{21EC9A26-D3B0-4E43-A484-19197FAF1D59}.Release|x64.ActiveCfg = Release|x64
		{21EC9A26-D3B0-4E43-A484-19197FAF1D59}.Release|x64.Build.0 = Release|x64
		{21EC9A26-D3B0-4E43-A484-19197FAF1D59}.Release|x86.ActiveCfg = Release|x86
		{21EC9A26-D3B0-4E43-A484-19197FAF1D59}.Release|x86.Build.0 = Release|x86
		{AB4B59A5-B3D8-430B-8D5E-807FE0D91A3C}.Debug|Any CPU.ActiveCfg = Debug|Any CPU
		{AB4B59A5-B3D8-430B-8D5E-807FE0D91A3C}.Debug|Any CPU.Build.0 = Debug|Any CPU
		{AB4B59A5-B3D8-430B-8D5E-807FE0D91A3C}.Debug|x64.ActiveCfg = Debug|x64
		{AB4B59A5-B3D8-430B-8D5E-807FE0D91A3C}.Debug|x64.Build.0 = Debug|x64
		{AB4B59A5-B3D8-430B-8D5E-807FE0D91A3C}.Debug|x86.ActiveCfg = Debug|x86
		{AB4B59A5-B3D8-430B-8D5E-807FE0D91A3C}.Debug|x86.Build.0 = Debug|x86
		{AB4B59A5-B3D8-430B-8D5E-807FE0D91A3C}.Release|Any CPU.ActiveCfg = Release|Any CPU
		{AB4B59A5-B3D8-430B-8D5E-807FE0D91A3C}.Release|Any CPU.Build.0 = Release|Any CPU
		{AB4B59A5-B3D8-430B-8D5E-807FE0D91A3C}.Release|x64.ActiveCfg = Release|x64
		{AB4B59A5-B3D8-430B-8D5E-807FE0D91A3C}.Release|x64.Build.0 = Release|x64
		{AB4B59A5-B3D8-430B-8D5E-807FE0D91A3C}.Release|x86.ActiveCfg = Release|x86
		{AB4B59A5-B3D8-430B-8D5E-807FE0D91A3C}.Release|x86.Build.0 = Release|x86
		{DB44CFB4-4279-4EC6-9E8D-05D0CFDF9E65}.Debug|Any CPU.ActiveCfg = Debug|Any CPU
		{DB44CFB4-4279-4EC6-9E8D-05D0CFDF9E65}.Debug|Any CPU.Build.0 = Debug|Any CPU
		{DB44CFB4-4279-4EC6-9E8D-05D0CFDF9E65}.Debug|x64.ActiveCfg = Debug|x64
		{DB44CFB4-4279-4EC6-9E8D-05D0CFDF9E65}.Debug|x64.Build.0 = Debug|x64
		{DB44CFB4-4279-4EC6-9E8D-05D0CFDF9E65}.Debug|x86.ActiveCfg = Debug|x86
		{DB44CFB4-4279-4EC6-9E8D-05D0CFDF9E65}.Debug|x86.Build.0 = Debug|x86
		{DB44CFB4-4279-4EC6-9E8D-05D0CFDF9E65}.Release|Any CPU.ActiveCfg = Release|Any CPU
		{DB44CFB4-4279-4EC6-9E8D-05D0CFDF9E65}.Release|Any CPU.Build.0 = Release|Any CPU
		{DB44CFB4-4279-4EC6-9E8D-05D0CFDF9E65}.Release|x64.ActiveCfg = Release|x64
		{DB44CFB4-4279-4EC6-9E8D-05D0CFDF9E65}.Release|x64.Build.0 = Release|x64
		{DB44CFB4-4279-4EC6-9E8D-05D0CFDF9E65}.Release|x86.ActiveCfg = Release|x86
		{DB44CFB4-4279-4EC6-9E8D-05D0CFDF9E65}.Release|x86.Build.0 = Release|x86
		{38BF48BA-2A66-4BEB-8A77-1F5533394D59}.Debug|Any CPU.ActiveCfg = Debug|Any CPU
		{38BF48BA-2A66-4BEB-8A77-1F5533394D59}.Debug|Any CPU.Build.0 = Debug|Any CPU
		{38BF48BA-2A66-4BEB-8A77-1F5533394D59}.Debug|x64.ActiveCfg = Debug|x64
		{38BF48BA-2A66-4BEB-8A77-1F5533394D59}.Debug|x64.Build.0 = Debug|x64
		{38BF48BA-2A66-4BEB-8A77-1F5533394D59}.Debug|x86.ActiveCfg = Debug|x86
		{38BF48BA-2A66-4BEB-8A77-1F5533394D59}.Debug|x86.Build.0 = Debug|x86
		{38BF48BA-2A66-4BEB-8A77-1F5533394D59}.Release|Any CPU.ActiveCfg = Release|Any CPU
		{38BF48BA-2A66-4BEB-8A77-1F5533394D59}.Release|Any CPU.Build.0 = Release|Any CPU
		{38BF48BA-2A66-4BEB-8A77-1F5533394D59}.Release|x64.ActiveCfg = Release|x64
		{38BF48BA-2A66-4BEB-8A77-1F5533394D59}.Release|x64.Build.0 = Release|x64
		{38BF48BA-2A66-4BEB-8A77-1F5533394D59}.Release|x86.ActiveCfg = Release|x86
		{38BF48BA-2A66-4BEB-8A77-1F5533394D59}.Release|x86.Build.0 = Release|x86
		{2DA68814-1B3E-4DF7-8645-4DA5889C15D2}.Debug|Any CPU.ActiveCfg = Debug|Any CPU
		{2DA68814-1B3E-4DF7-8645-4DA5889C15D2}.Debug|Any CPU.Build.0 = Debug|Any CPU
		{2DA68814-1B3E-4DF7-8645-4DA5889C15D2}.Debug|x64.ActiveCfg = Debug|x64
		{2DA68814-1B3E-4DF7-8645-4DA5889C15D2}.Debug|x64.Build.0 = Debug|x64
		{2DA68814-1B3E-4DF7-8645-4DA5889C15D2}.Debug|x86.ActiveCfg = Debug|x86
		{2DA68814-1B3E-4DF7-8645-4DA5889C15D2}.Debug|x86.Build.0 = Debug|x86
		{2DA68814-1B3E-4DF7-8645-4DA5889C15D2}.Release|Any CPU.ActiveCfg = Release|Any CPU
		{2DA68814-1B3E-4DF7-8645-4DA5889C15D2}.Release|Any CPU.Build.0 = Release|Any CPU
		{2DA68814-1B3E-4DF7-8645-4DA5889C15D2}.Release|x64.ActiveCfg = Release|x64
		{2DA68814-1B3E-4DF7-8645-4DA5889C15D2}.Release|x64.Build.0 = Release|x64
		{2DA68814-1B3E-4DF7-8645-4DA5889C15D2}.Release|x86.ActiveCfg = Release|x86
		{2DA68814-1B3E-4DF7-8645-4DA5889C15D2}.Release|x86.Build.0 = Release|x86
		{6FACBDA5-1C3D-43AE-BEAE-FD39EDC6A4FD}.Debug|Any CPU.ActiveCfg = Debug|Any CPU
		{6FACBDA5-1C3D-43AE-BEAE-FD39EDC6A4FD}.Debug|Any CPU.Build.0 = Debug|Any CPU
		{6FACBDA5-1C3D-43AE-BEAE-FD39EDC6A4FD}.Debug|x64.ActiveCfg = Debug|x64
		{6FACBDA5-1C3D-43AE-BEAE-FD39EDC6A4FD}.Debug|x64.Build.0 = Debug|x64
		{6FACBDA5-1C3D-43AE-BEAE-FD39EDC6A4FD}.Debug|x86.ActiveCfg = Debug|x86
		{6FACBDA5-1C3D-43AE-BEAE-FD39EDC6A4FD}.Debug|x86.Build.0 = Debug|x86
		{6FACBDA5-1C3D-43AE-BEAE-FD39EDC6A4FD}.Release|Any CPU.ActiveCfg = Release|Any CPU
		{6FACBDA5-1C3D-43AE-BEAE-FD39EDC6A4FD}.Release|Any CPU.Build.0 = Release|Any CPU
		{6FACBDA5-1C3D-43AE-BEAE-FD39EDC6A4FD}.Release|x64.ActiveCfg = Release|x64
		{6FACBDA5-1C3D-43AE-BEAE-FD39EDC6A4FD}.Release|x64.Build.0 = Release|x64
		{6FACBDA5-1C3D-43AE-BEAE-FD39EDC6A4FD}.Release|x86.ActiveCfg = Release|x86
		{6FACBDA5-1C3D-43AE-BEAE-FD39EDC6A4FD}.Release|x86.Build.0 = Release|x86
		{77270B8D-52DF-4A95-BE22-B2CE234E2657}.Debug|Any CPU.ActiveCfg = Debug|Any CPU
		{77270B8D-52DF-4A95-BE22-B2CE234E2657}.Debug|Any CPU.Build.0 = Debug|Any CPU
		{77270B8D-52DF-4A95-BE22-B2CE234E2657}.Debug|x64.ActiveCfg = Debug|x64
		{77270B8D-52DF-4A95-BE22-B2CE234E2657}.Debug|x64.Build.0 = Debug|x64
		{77270B8D-52DF-4A95-BE22-B2CE234E2657}.Debug|x86.ActiveCfg = Debug|x86
		{77270B8D-52DF-4A95-BE22-B2CE234E2657}.Debug|x86.Build.0 = Debug|x86
		{77270B8D-52DF-4A95-BE22-B2CE234E2657}.Release|Any CPU.ActiveCfg = Release|Any CPU
		{77270B8D-52DF-4A95-BE22-B2CE234E2657}.Release|Any CPU.Build.0 = Release|Any CPU
		{77270B8D-52DF-4A95-BE22-B2CE234E2657}.Release|x64.ActiveCfg = Release|x64
		{77270B8D-52DF-4A95-BE22-B2CE234E2657}.Release|x64.Build.0 = Release|x64
		{77270B8D-52DF-4A95-BE22-B2CE234E2657}.Release|x86.ActiveCfg = Release|x86
		{77270B8D-52DF-4A95-BE22-B2CE234E2657}.Release|x86.Build.0 = Release|x86
		{4B274E7E-628C-4EC3-9B93-F77227759720}.Debug|Any CPU.ActiveCfg = Debug|Any CPU
		{4B274E7E-628C-4EC3-9B93-F77227759720}.Debug|Any CPU.Build.0 = Debug|Any CPU
		{4B274E7E-628C-4EC3-9B93-F77227759720}.Debug|x64.ActiveCfg = Debug|x64
		{4B274E7E-628C-4EC3-9B93-F77227759720}.Debug|x64.Build.0 = Debug|x64
		{4B274E7E-628C-4EC3-9B93-F77227759720}.Debug|x86.ActiveCfg = Debug|x86
		{4B274E7E-628C-4EC3-9B93-F77227759720}.Debug|x86.Build.0 = Debug|x86
		{4B274E7E-628C-4EC3-9B93-F77227759720}.Release|Any CPU.ActiveCfg = Release|Any CPU
		{4B274E7E-628C-4EC3-9B93-F77227759720}.Release|Any CPU.Build.0 = Release|Any CPU
		{4B274E7E-628C-4EC3-9B93-F77227759720}.Release|x64.ActiveCfg = Release|x64
		{4B274E7E-628C-4EC3-9B93-F77227759720}.Release|x64.Build.0 = Release|x64
		{4B274E7E-628C-4EC3-9B93-F77227759720}.Release|x86.ActiveCfg = Release|x86
		{4B274E7E-628C-4EC3-9B93-F77227759720}.Release|x86.Build.0 = Release|x86
	EndGlobalSection
	GlobalSection(NestedProjects) = preSolution
		{AAA185BC-0EA0-4804-9D7B-0E9B1D411070} = {780A06A2-8A9B-49DA-AA18-472C4F712673}
		{639015CD-44C7-4180-92C8-D9B74026B89D} = {9F86DDBC-3B12-43A9-95F6-C6AD7B6553E2}
		{76EE2EEC-F9CC-4C08-8AAE-5753714B4BF6} = {780A06A2-8A9B-49DA-AA18-472C4F712673}
		{5E0FF8F2-E4D2-415E-AB65-C302BD3584D1} = {9F86DDBC-3B12-43A9-95F6-C6AD7B6553E2}
		{A9D17DEE-9710-4B0A-B0DF-08E43D77EF08} = {780A06A2-8A9B-49DA-AA18-472C4F712673}
		{EF468541-B450-4DC9-9603-8D0A82B5036C} = {9F86DDBC-3B12-43A9-95F6-C6AD7B6553E2}
		{240CEFED-4B30-4B17-8B75-5A89021B68DA} = {780A06A2-8A9B-49DA-AA18-472C4F712673}
		{F497FA4D-42F9-4616-8A23-4616E0917C59} = {780A06A2-8A9B-49DA-AA18-472C4F712673}
		{FD89A9BC-3D6F-4D80-A9BD-A4AE722B1490} = {9F86DDBC-3B12-43A9-95F6-C6AD7B6553E2}
		{25DB4EBB-D353-4FED-B740-74DA7E4B256A} = {780A06A2-8A9B-49DA-AA18-472C4F712673}
		{0823EE9D-C999-4934-B43C-0E99F3D01B81} = {9F86DDBC-3B12-43A9-95F6-C6AD7B6553E2}
		{6643544F-460A-48D6-B6B1-CC0949B05AD2} = {780A06A2-8A9B-49DA-AA18-472C4F712673}
		{B2BE4B11-04C7-4338-B461-3086447E90DA} = {9F86DDBC-3B12-43A9-95F6-C6AD7B6553E2}
		{1C0D8CE8-39AF-4DA5-9BF8-F35B401F653B} = {780A06A2-8A9B-49DA-AA18-472C4F712673}
		{2040D7FB-EA5D-4749-870A-1CB5E383764D} = {780A06A2-8A9B-49DA-AA18-472C4F712673}
		{0AB33C0C-DA8E-45B4-A891-50D5F489B86A} = {780A06A2-8A9B-49DA-AA18-472C4F712673}
		{F470F404-9CA3-4BF1-81BE-1621A9B55921} = {780A06A2-8A9B-49DA-AA18-472C4F712673}
		{D7E3B517-BF79-4EC2-8C57-F71E6F8CA97F} = {9F86DDBC-3B12-43A9-95F6-C6AD7B6553E2}
		{CEBB423D-3CDC-4E51-97D3-F87F6A71BABA} = {9F86DDBC-3B12-43A9-95F6-C6AD7B6553E2}
		{60873EF4-959A-41AB-A99F-CC43A7E7F50B} = {9F86DDBC-3B12-43A9-95F6-C6AD7B6553E2}
		{5B97FA87-9173-41D6-894C-A395FFCF6123} = {780A06A2-8A9B-49DA-AA18-472C4F712673}
		{E7BA0F43-6524-4BA5-8700-7A1C667EF48E} = {9F86DDBC-3B12-43A9-95F6-C6AD7B6553E2}
		{6A3B36C3-68A0-4576-84DF-1A7D3F2650F0} = {780A06A2-8A9B-49DA-AA18-472C4F712673}
		{ED34B742-4F49-42E6-8421-20D989DB9622} = {9F86DDBC-3B12-43A9-95F6-C6AD7B6553E2}
		{AC3C865B-F73C-42C1-8457-67BEA7BDD39D} = {780A06A2-8A9B-49DA-AA18-472C4F712673}
		{5BEB6828-4F8F-4A74-9DDF-9A03252AEE4E} = {9F86DDBC-3B12-43A9-95F6-C6AD7B6553E2}
		{F9DE7DCA-20BC-4C33-9DBC-1135787C10E7} = {9F86DDBC-3B12-43A9-95F6-C6AD7B6553E2}
		{E4882982-B32E-4793-85C7-2EED166061B1} = {9F86DDBC-3B12-43A9-95F6-C6AD7B6553E2}
		{CA579123-C35B-43B4-A295-B9C7CC6DEB02} = {9F86DDBC-3B12-43A9-95F6-C6AD7B6553E2}
		{4E2BA2B7-D6AD-4B97-BE5E-3BCAB2FDCE9F} = {9F86DDBC-3B12-43A9-95F6-C6AD7B6553E2}
		{C93ABB1B-361A-4C14-B3EE-09DAD64C02E4} = {780A06A2-8A9B-49DA-AA18-472C4F712673}
		{1F7B2BDC-95CB-4A1D-8BDA-2FF84E51E88A} = {780A06A2-8A9B-49DA-AA18-472C4F712673}
		{33E1001F-2975-4545-BAAC-94CF1419A5E6} = {780A06A2-8A9B-49DA-AA18-472C4F712673}
		{21EC9A26-D3B0-4E43-A484-19197FAF1D59} = {780A06A2-8A9B-49DA-AA18-472C4F712673}
		{AB4B59A5-B3D8-430B-8D5E-807FE0D91A3C} = {780A06A2-8A9B-49DA-AA18-472C4F712673}
		{DB44CFB4-4279-4EC6-9E8D-05D0CFDF9E65} = {780A06A2-8A9B-49DA-AA18-472C4F712673}
		{38BF48BA-2A66-4BEB-8A77-1F5533394D59} = {780A06A2-8A9B-49DA-AA18-472C4F712673}
		{2DA68814-1B3E-4DF7-8645-4DA5889C15D2} = {780A06A2-8A9B-49DA-AA18-472C4F712673}
		{6FACBDA5-1C3D-43AE-BEAE-FD39EDC6A4FD} = {780A06A2-8A9B-49DA-AA18-472C4F712673}
		{77270B8D-52DF-4A95-BE22-B2CE234E2657} = {9F86DDBC-3B12-43A9-95F6-C6AD7B6553E2}
		{4B274E7E-628C-4EC3-9B93-F77227759720} = {9F86DDBC-3B12-43A9-95F6-C6AD7B6553E2}
	EndGlobalSection
EndGlobal
