
Microsoft Visual Studio Solution File, Format Version 12.00
# Visual Studio 15
VisualStudioVersion = 15.0.26124.0
MinimumVisualStudioVersion = 15.0.26124.0
Project("{2150E333-8FDC-42A3-9474-1A3956D46DE8}") = "Source", "Source", "{780A06A2-8A9B-49DA-AA18-472C4F712673}"
EndProject
Project("{FAE04EC0-301F-11D3-BF4B-00C04F79EFBC}") = "Specifications", "Source\Specifications\Specifications.csproj", "{AAA185BC-0EA0-4804-9D7B-0E9B1D411070}"
EndProject
Project("{2150E333-8FDC-42A3-9474-1A3956D46DE8}") = "Specifications", "Specifications", "{9F86DDBC-3B12-43A9-95F6-C6AD7B6553E2}"
EndProject
Project("{FAE04EC0-301F-11D3-BF4B-00C04F79EFBC}") = "Specifications", "Specifications\Specifications\Specifications.csproj", "{639015CD-44C7-4180-92C8-D9B74026B89D}"
EndProject
Global
	GlobalSection(SolutionConfigurationPlatforms) = preSolution
		Debug|Any CPU = Debug|Any CPU
		Debug|x64 = Debug|x64
		Debug|x86 = Debug|x86
		Release|Any CPU = Release|Any CPU
		Release|x64 = Release|x64
		Release|x86 = Release|x86
	EndGlobalSection
	GlobalSection(SolutionProperties) = preSolution
		HideSolutionNode = FALSE
	EndGlobalSection
	GlobalSection(ProjectConfigurationPlatforms) = postSolution
		{AAA185BC-0EA0-4804-9D7B-0E9B1D411070}.Debug|Any CPU.ActiveCfg = Debug|Any CPU
		{AAA185BC-0EA0-4804-9D7B-0E9B1D411070}.Debug|Any CPU.Build.0 = Debug|Any CPU
		{AAA185BC-0EA0-4804-9D7B-0E9B1D411070}.Debug|x64.ActiveCfg = Debug|x64
		{AAA185BC-0EA0-4804-9D7B-0E9B1D411070}.Debug|x64.Build.0 = Debug|x64
		{AAA185BC-0EA0-4804-9D7B-0E9B1D411070}.Debug|x86.ActiveCfg = Debug|x86
		{AAA185BC-0EA0-4804-9D7B-0E9B1D411070}.Debug|x86.Build.0 = Debug|x86
		{AAA185BC-0EA0-4804-9D7B-0E9B1D411070}.Release|Any CPU.ActiveCfg = Release|Any CPU
		{AAA185BC-0EA0-4804-9D7B-0E9B1D411070}.Release|Any CPU.Build.0 = Release|Any CPU
		{AAA185BC-0EA0-4804-9D7B-0E9B1D411070}.Release|x64.ActiveCfg = Release|x64
		{AAA185BC-0EA0-4804-9D7B-0E9B1D411070}.Release|x64.Build.0 = Release|x64
		{AAA185BC-0EA0-4804-9D7B-0E9B1D411070}.Release|x86.ActiveCfg = Release|x86
		{AAA185BC-0EA0-4804-9D7B-0E9B1D411070}.Release|x86.Build.0 = Release|x86
		{639015CD-44C7-4180-92C8-D9B74026B89D}.Debug|Any CPU.ActiveCfg = Debug|Any CPU
		{639015CD-44C7-4180-92C8-D9B74026B89D}.Debug|Any CPU.Build.0 = Debug|Any CPU
		{639015CD-44C7-4180-92C8-D9B74026B89D}.Debug|x64.ActiveCfg = Debug|x64
		{639015CD-44C7-4180-92C8-D9B74026B89D}.Debug|x64.Build.0 = Debug|x64
		{639015CD-44C7-4180-92C8-D9B74026B89D}.Debug|x86.ActiveCfg = Debug|x86
		{639015CD-44C7-4180-92C8-D9B74026B89D}.Debug|x86.Build.0 = Debug|x86
		{639015CD-44C7-4180-92C8-D9B74026B89D}.Release|Any CPU.ActiveCfg = Release|Any CPU
		{639015CD-44C7-4180-92C8-D9B74026B89D}.Release|Any CPU.Build.0 = Release|Any CPU
		{639015CD-44C7-4180-92C8-D9B74026B89D}.Release|x64.ActiveCfg = Release|x64
		{639015CD-44C7-4180-92C8-D9B74026B89D}.Release|x64.Build.0 = Release|x64
		{639015CD-44C7-4180-92C8-D9B74026B89D}.Release|x86.ActiveCfg = Release|x86
		{639015CD-44C7-4180-92C8-D9B74026B89D}.Release|x86.Build.0 = Release|x86
	EndGlobalSection
	GlobalSection(NestedProjects) = preSolution
		{AAA185BC-0EA0-4804-9D7B-0E9B1D411070} = {780A06A2-8A9B-49DA-AA18-472C4F712673}
		{639015CD-44C7-4180-92C8-D9B74026B89D} = {9F86DDBC-3B12-43A9-95F6-C6AD7B6553E2}
	EndGlobalSection
EndGlobal
